
Microsoft Visual Studio Solution File, Format Version 12.00
# Visual Studio Version 17
VisualStudioVersion = 17.5.33502.453
MinimumVisualStudioVersion = 10.0.40219.1
Project("{9A19103F-16F7-4668-BE54-9A1E7A4F7556}") = "MVCIntroDemo", "MVCIntroDemo\MVCIntroDemo.csproj", "{8DAC634E-98F2-49DC-BDF3-8F0B2D1BE40F}"
EndProject
Project("{FAE04EC0-301F-11D3-BF4B-00C04F79EFBC}") = "ChatApp", "ChatApp\ChatApp.csproj", "{B7C70F18-65CC-4C52-BC8A-D725C457BEFC}"
EndProject
Global
	GlobalSection(SolutionConfigurationPlatforms) = preSolution
		Debug|Any CPU = Debug|Any CPU
		Release|Any CPU = Release|Any CPU
	EndGlobalSection
	GlobalSection(ProjectConfigurationPlatforms) = postSolution
		{8DAC634E-98F2-49DC-BDF3-8F0B2D1BE40F}.Debug|Any CPU.ActiveCfg = Debug|Any CPU
		{8DAC634E-98F2-49DC-BDF3-8F0B2D1BE40F}.Debug|Any CPU.Build.0 = Debug|Any CPU
		{8DAC634E-98F2-49DC-BDF3-8F0B2D1BE40F}.Release|Any CPU.ActiveCfg = Release|Any CPU
		{8DAC634E-98F2-49DC-BDF3-8F0B2D1BE40F}.Release|Any CPU.Build.0 = Release|Any CPU
		{B7C70F18-65CC-4C52-BC8A-D725C457BEFC}.Debug|Any CPU.ActiveCfg = Debug|Any CPU
		{B7C70F18-65CC-4C52-BC8A-D725C457BEFC}.Debug|Any CPU.Build.0 = Debug|Any CPU
		{B7C70F18-65CC-4C52-BC8A-D725C457BEFC}.Release|Any CPU.ActiveCfg = Release|Any CPU
		{B7C70F18-65CC-4C52-BC8A-D725C457BEFC}.Release|Any CPU.Build.0 = Release|Any CPU
	EndGlobalSection
	GlobalSection(SolutionProperties) = preSolution
		HideSolutionNode = FALSE
	EndGlobalSection
	GlobalSection(ExtensibilityGlobals) = postSolution
		SolutionGuid = {B11855E5-221D-47C6-8DF4-1E1503C88BEE}
	EndGlobalSection
EndGlobal
